
Microsoft Visual Studio Solution File, Format Version 12.00
# Visual Studio Version 16
VisualStudioVersion = 16.0.31702.278
MinimumVisualStudioVersion = 10.0.40219.1
Project("{9A19103F-16F7-4668-BE54-9A1E7A4F7556}") = "TesodevBEChallenge.Api.Customers", "TesodevBEChallenge.Api.Customers\TesodevBEChallenge.Api.Customers.csproj", "{87148DD6-CB62-4010-9096-21532D66385A}"
EndProject
Project("{9A19103F-16F7-4668-BE54-9A1E7A4F7556}") = "TesodevBEChallenge.Api.Orders", "TesodevBEChallenge.Api.Orders\TesodevBEChallenge.Api.Orders.csproj", "{143BF74A-3F9E-41DD-9C4C-AD93587F05A5}"
EndProject
Project("{FAE04EC0-301F-11D3-BF4B-00C04F79EFBC}") = "TesodevBEChallenge.Api.Tests", "TesodevBEChallenge.Api.Tests\TesodevBEChallenge.Api.Tests.csproj", "{22C9FDA5-1FE8-4163-A563-64EABD2B21FC}"
EndProject
Global
	GlobalSection(SolutionConfigurationPlatforms) = preSolution
		Debug|Any CPU = Debug|Any CPU
		Release|Any CPU = Release|Any CPU
	EndGlobalSection
	GlobalSection(ProjectConfigurationPlatforms) = postSolution
		{87148DD6-CB62-4010-9096-21532D66385A}.Debug|Any CPU.ActiveCfg = Debug|Any CPU
		{87148DD6-CB62-4010-9096-21532D66385A}.Debug|Any CPU.Build.0 = Debug|Any CPU
		{87148DD6-CB62-4010-9096-21532D66385A}.Release|Any CPU.ActiveCfg = Release|Any CPU
		{87148DD6-CB62-4010-9096-21532D66385A}.Release|Any CPU.Build.0 = Release|Any CPU
		{143BF74A-3F9E-41DD-9C4C-AD93587F05A5}.Debug|Any CPU.ActiveCfg = Debug|Any CPU
		{143BF74A-3F9E-41DD-9C4C-AD93587F05A5}.Debug|Any CPU.Build.0 = Debug|Any CPU
		{143BF74A-3F9E-41DD-9C4C-AD93587F05A5}.Release|Any CPU.ActiveCfg = Release|Any CPU
		{143BF74A-3F9E-41DD-9C4C-AD93587F05A5}.Release|Any CPU.Build.0 = Release|Any CPU
		{22C9FDA5-1FE8-4163-A563-64EABD2B21FC}.Debug|Any CPU.ActiveCfg = Debug|Any CPU
		{22C9FDA5-1FE8-4163-A563-64EABD2B21FC}.Debug|Any CPU.Build.0 = Debug|Any CPU
		{22C9FDA5-1FE8-4163-A563-64EABD2B21FC}.Release|Any CPU.ActiveCfg = Release|Any CPU
		{22C9FDA5-1FE8-4163-A563-64EABD2B21FC}.Release|Any CPU.Build.0 = Release|Any CPU
	EndGlobalSection
	GlobalSection(SolutionProperties) = preSolution
		HideSolutionNode = FALSE
	EndGlobalSection
	GlobalSection(ExtensibilityGlobals) = postSolution
		SolutionGuid = {61052C61-520E-4981-B484-8D87C0F462E1}
	EndGlobalSection
EndGlobal
